// !$*UTF8*$!
{
	archiveVersion = 1;
	classes = {
	};
	objectVersion = 46;
	objects = {

/* Begin PBXBuildFile section */
		344C130219E18E0E00215F54 /* AppDelegate.swift in Sources */ = {isa = PBXBuildFile; fileRef = 344C130119E18E0E00215F54 /* AppDelegate.swift */; };
		344C130819E18E0E00215F54 /* IntroViewController.swift in Sources */ = {isa = PBXBuildFile; fileRef = 344C130719E18E0E00215F54 /* IntroViewController.swift */; };
		344C130B19E18E0E00215F54 /* Main.storyboard in Resources */ = {isa = PBXBuildFile; fileRef = 344C130919E18E0E00215F54 /* Main.storyboard */; };
		344C130D19E18E0F00215F54 /* Images.xcassets in Resources */ = {isa = PBXBuildFile; fileRef = 344C130C19E18E0F00215F54 /* Images.xcassets */; };
		344C131019E18E0F00215F54 /* LaunchScreen.xib in Resources */ = {isa = PBXBuildFile; fileRef = 344C130E19E18E0F00215F54 /* LaunchScreen.xib */; };
		344C131C19E18E0F00215F54 /* SKPlaygroundTests.swift in Sources */ = {isa = PBXBuildFile; fileRef = 344C131B19E18E0F00215F54 /* SKPlaygroundTests.swift */; };
		344C132619E18E8800215F54 /* IntroScene.swift in Sources */ = {isa = PBXBuildFile; fileRef = 344C132519E18E8800215F54 /* IntroScene.swift */; };
		344C132819E196E800215F54 /* PlayViewController.swift in Sources */ = {isa = PBXBuildFile; fileRef = 344C132719E196E800215F54 /* PlayViewController.swift */; };
		344C132A19E1971800215F54 /* PlayScene.swift in Sources */ = {isa = PBXBuildFile; fileRef = 344C132919E1971800215F54 /* PlayScene.swift */; };
		344C132C19E19BBF00215F54 /* GameOptions.swift in Sources */ = {isa = PBXBuildFile; fileRef = 344C132B19E19BBF00215F54 /* GameOptions.swift */; };
		344C132E19E19EAE00215F54 /* BlocksGame.swift in Sources */ = {isa = PBXBuildFile; fileRef = 344C132D19E19EAE00215F54 /* BlocksGame.swift */; };
		344C133019E1B19100215F54 /* Array2D.swift in Sources */ = {isa = PBXBuildFile; fileRef = 344C132F19E1B19100215F54 /* Array2D.swift */; };
		344C133219E1B1B700215F54 /* Block.swift in Sources */ = {isa = PBXBuildFile; fileRef = 344C133119E1B1B700215F54 /* Block.swift */; };
/* End PBXBuildFile section */

/* Begin PBXContainerItemProxy section */
		344C131619E18E0F00215F54 /* PBXContainerItemProxy */ = {
			isa = PBXContainerItemProxy;
			containerPortal = 344C12F419E18E0E00215F54 /* Project object */;
			proxyType = 1;
			remoteGlobalIDString = 344C12FB19E18E0E00215F54;
			remoteInfo = SKPlayground;
		};
/* End PBXContainerItemProxy section */

/* Begin PBXFileReference section */
		344C12FC19E18E0E00215F54 /* SKPlayground.app */ = {isa = PBXFileReference; explicitFileType = wrapper.application; includeInIndex = 0; path = SKPlayground.app; sourceTree = BUILT_PRODUCTS_DIR; };
		344C130019E18E0E00215F54 /* Info.plist */ = {isa = PBXFileReference; lastKnownFileType = text.plist.xml; path = Info.plist; sourceTree = "<group>"; };
		344C130119E18E0E00215F54 /* AppDelegate.swift */ = {isa = PBXFileReference; lastKnownFileType = sourcecode.swift; path = AppDelegate.swift; sourceTree = "<group>"; };
		344C130719E18E0E00215F54 /* IntroViewController.swift */ = {isa = PBXFileReference; lastKnownFileType = sourcecode.swift; path = IntroViewController.swift; sourceTree = "<group>"; };
		344C130A19E18E0E00215F54 /* Base */ = {isa = PBXFileReference; lastKnownFileType = file.storyboard; name = Base; path = Base.lproj/Main.storyboard; sourceTree = "<group>"; };
		344C130C19E18E0F00215F54 /* Images.xcassets */ = {isa = PBXFileReference; lastKnownFileType = folder.assetcatalog; path = Images.xcassets; sourceTree = "<group>"; };
		344C130F19E18E0F00215F54 /* Base */ = {isa = PBXFileReference; lastKnownFileType = file.xib; name = Base; path = Base.lproj/LaunchScreen.xib; sourceTree = "<group>"; };
		344C131519E18E0F00215F54 /* SKPlaygroundTests.xctest */ = {isa = PBXFileReference; explicitFileType = wrapper.cfbundle; includeInIndex = 0; path = SKPlaygroundTests.xctest; sourceTree = BUILT_PRODUCTS_DIR; };
		344C131A19E18E0F00215F54 /* Info.plist */ = {isa = PBXFileReference; lastKnownFileType = text.plist.xml; path = Info.plist; sourceTree = "<group>"; };
		344C131B19E18E0F00215F54 /* SKPlaygroundTests.swift */ = {isa = PBXFileReference; lastKnownFileType = sourcecode.swift; path = SKPlaygroundTests.swift; sourceTree = "<group>"; };
		344C132519E18E8800215F54 /* IntroScene.swift */ = {isa = PBXFileReference; fileEncoding = 4; lastKnownFileType = sourcecode.swift; path = IntroScene.swift; sourceTree = "<group>"; };
		344C132719E196E800215F54 /* PlayViewController.swift */ = {isa = PBXFileReference; fileEncoding = 4; lastKnownFileType = sourcecode.swift; path = PlayViewController.swift; sourceTree = "<group>"; };
		344C132919E1971800215F54 /* PlayScene.swift */ = {isa = PBXFileReference; fileEncoding = 4; lastKnownFileType = sourcecode.swift; path = PlayScene.swift; sourceTree = "<group>"; };
		344C132B19E19BBF00215F54 /* GameOptions.swift */ = {isa = PBXFileReference; fileEncoding = 4; lastKnownFileType = sourcecode.swift; path = GameOptions.swift; sourceTree = "<group>"; };
		344C132D19E19EAE00215F54 /* BlocksGame.swift */ = {isa = PBXFileReference; fileEncoding = 4; lastKnownFileType = sourcecode.swift; path = BlocksGame.swift; sourceTree = "<group>"; };
		344C132F19E1B19100215F54 /* Array2D.swift */ = {isa = PBXFileReference; fileEncoding = 4; lastKnownFileType = sourcecode.swift; path = Array2D.swift; sourceTree = "<group>"; };
		344C133119E1B1B700215F54 /* Block.swift */ = {isa = PBXFileReference; fileEncoding = 4; lastKnownFileType = sourcecode.swift; path = Block.swift; sourceTree = "<group>"; };
/* End PBXFileReference section */

/* Begin PBXFrameworksBuildPhase section */
		344C12F919E18E0E00215F54 /* Frameworks */ = {
			isa = PBXFrameworksBuildPhase;
			buildActionMask = 2147483647;
			files = (
			);
			runOnlyForDeploymentPostprocessing = 0;
		};
		344C131219E18E0F00215F54 /* Frameworks */ = {
			isa = PBXFrameworksBuildPhase;
			buildActionMask = 2147483647;
			files = (
			);
			runOnlyForDeploymentPostprocessing = 0;
		};
/* End PBXFrameworksBuildPhase section */

/* Begin PBXGroup section */
		344C12F319E18E0E00215F54 = {
			isa = PBXGroup;
			children = (
				344C12FE19E18E0E00215F54 /* SKPlayground */,
				344C131819E18E0F00215F54 /* SKPlaygroundTests */,
				344C12FD19E18E0E00215F54 /* Products */,
			);
			sourceTree = "<group>";
		};
		344C12FD19E18E0E00215F54 /* Products */ = {
			isa = PBXGroup;
			children = (
				344C12FC19E18E0E00215F54 /* SKPlayground.app */,
				344C131519E18E0F00215F54 /* SKPlaygroundTests.xctest */,
			);
			name = Products;
			sourceTree = "<group>";
		};
		344C12FE19E18E0E00215F54 /* SKPlayground */ = {
			isa = PBXGroup;
			children = (
				344C130119E18E0E00215F54 /* AppDelegate.swift */,
				344C130719E18E0E00215F54 /* IntroViewController.swift */,
				344C132719E196E800215F54 /* PlayViewController.swift */,
				344C130919E18E0E00215F54 /* Main.storyboard */,
				344C130C19E18E0F00215F54 /* Images.xcassets */,
				344C130E19E18E0F00215F54 /* LaunchScreen.xib */,
				344C12FF19E18E0E00215F54 /* Supporting Files */,
				344C132519E18E8800215F54 /* IntroScene.swift */,
				344C132919E1971800215F54 /* PlayScene.swift */,
				344C132B19E19BBF00215F54 /* GameOptions.swift */,
				344C132D19E19EAE00215F54 /* BlocksGame.swift */,
				344C132F19E1B19100215F54 /* Array2D.swift */,
				344C133119E1B1B700215F54 /* Block.swift */,
			);
			path = SKPlayground;
			sourceTree = "<group>";
		};
		344C12FF19E18E0E00215F54 /* Supporting Files */ = {
			isa = PBXGroup;
			children = (
				344C130019E18E0E00215F54 /* Info.plist */,
			);
			name = "Supporting Files";
			sourceTree = "<group>";
		};
		344C131819E18E0F00215F54 /* SKPlaygroundTests */ = {
			isa = PBXGroup;
			children = (
				344C131B19E18E0F00215F54 /* SKPlaygroundTests.swift */,
				344C131919E18E0F00215F54 /* Supporting Files */,
			);
			path = SKPlaygroundTests;
			sourceTree = "<group>";
		};
		344C131919E18E0F00215F54 /* Supporting Files */ = {
			isa = PBXGroup;
			children = (
				344C131A19E18E0F00215F54 /* Info.plist */,
			);
			name = "Supporting Files";
			sourceTree = "<group>";
		};
/* End PBXGroup section */

/* Begin PBXNativeTarget section */
		344C12FB19E18E0E00215F54 /* SKPlayground */ = {
			isa = PBXNativeTarget;
			buildConfigurationList = 344C131F19E18E0F00215F54 /* Build configuration list for PBXNativeTarget "SKPlayground" */;
			buildPhases = (
				344C12F819E18E0E00215F54 /* Sources */,
				344C12F919E18E0E00215F54 /* Frameworks */,
				344C12FA19E18E0E00215F54 /* Resources */,
			);
			buildRules = (
			);
			dependencies = (
			);
			name = SKPlayground;
			productName = SKPlayground;
			productReference = 344C12FC19E18E0E00215F54 /* SKPlayground.app */;
			productType = "com.apple.product-type.application";
		};
		344C131419E18E0F00215F54 /* SKPlaygroundTests */ = {
			isa = PBXNativeTarget;
			buildConfigurationList = 344C132219E18E0F00215F54 /* Build configuration list for PBXNativeTarget "SKPlaygroundTests" */;
			buildPhases = (
				344C131119E18E0F00215F54 /* Sources */,
				344C131219E18E0F00215F54 /* Frameworks */,
				344C131319E18E0F00215F54 /* Resources */,
			);
			buildRules = (
			);
			dependencies = (
				344C131719E18E0F00215F54 /* PBXTargetDependency */,
			);
			name = SKPlaygroundTests;
			productName = SKPlaygroundTests;
			productReference = 344C131519E18E0F00215F54 /* SKPlaygroundTests.xctest */;
			productType = "com.apple.product-type.bundle.unit-test";
		};
/* End PBXNativeTarget section */

/* Begin PBXProject section */
		344C12F419E18E0E00215F54 /* Project object */ = {
			isa = PBXProject;
			attributes = {
				LastUpgradeCheck = 0600;
				ORGANIZATIONNAME = "Regis Dupont";
				TargetAttributes = {
					344C12FB19E18E0E00215F54 = {
						CreatedOnToolsVersion = 6.0.1;
					};
					344C131419E18E0F00215F54 = {
						CreatedOnToolsVersion = 6.0.1;
						TestTargetID = 344C12FB19E18E0E00215F54;
					};
				};
			};
			buildConfigurationList = 344C12F719E18E0E00215F54 /* Build configuration list for PBXProject "SKPlayground" */;
			compatibilityVersion = "Xcode 3.2";
			developmentRegion = English;
			hasScannedForEncodings = 0;
			knownRegions = (
				en,
				Base,
			);
			mainGroup = 344C12F319E18E0E00215F54;
			productRefGroup = 344C12FD19E18E0E00215F54 /* Products */;
			projectDirPath = "";
			projectRoot = "";
			targets = (
				344C12FB19E18E0E00215F54 /* SKPlayground */,
				344C131419E18E0F00215F54 /* SKPlaygroundTests */,
			);
		};
/* End PBXProject section */

/* Begin PBXResourcesBuildPhase section */
		344C12FA19E18E0E00215F54 /* Resources */ = {
			isa = PBXResourcesBuildPhase;
			buildActionMask = 2147483647;
			files = (
				344C131019E18E0F00215F54 /* LaunchScreen.xib in Resources */,
				344C130D19E18E0F00215F54 /* Images.xcassets in Resources */,
				344C130B19E18E0E00215F54 /* Main.storyboard in Resources */,
			);
			runOnlyForDeploymentPostprocessing = 0;
		};
		344C131319E18E0F00215F54 /* Resources */ = {
			isa = PBXResourcesBuildPhase;
			buildActionMask = 2147483647;
			files = (
			);
			runOnlyForDeploymentPostprocessing = 0;
		};
/* End PBXResourcesBuildPhase section */

/* Begin PBXSourcesBuildPhase section */
		344C12F819E18E0E00215F54 /* Sources */ = {
			isa = PBXSourcesBuildPhase;
			buildActionMask = 2147483647;
			files = (
				344C132C19E19BBF00215F54 /* GameOptions.swift in Sources */,
				344C132819E196E800215F54 /* PlayViewController.swift in Sources */,
				344C132E19E19EAE00215F54 /* BlocksGame.swift in Sources */,
				344C132A19E1971800215F54 /* PlayScene.swift in Sources */,
				344C130819E18E0E00215F54 /* IntroViewController.swift in Sources */,
				344C133019E1B19100215F54 /* Array2D.swift in Sources */,
				344C133219E1B1B700215F54 /* Block.swift in Sources */,
				344C132619E18E8800215F54 /* IntroScene.swift in Sources */,
				344C130219E18E0E00215F54 /* AppDelegate.swift in Sources */,
			);
			runOnlyForDeploymentPostprocessing = 0;
		};
		344C131119E18E0F00215F54 /* Sources */ = {
			isa = PBXSourcesBuildPhase;
			buildActionMask = 2147483647;
			files = (
				344C131C19E18E0F00215F54 /* SKPlaygroundTests.swift in Sources */,
			);
			runOnlyForDeploymentPostprocessing = 0;
		};
/* End PBXSourcesBuildPhase section */

/* Begin PBXTargetDependency section */
		344C131719E18E0F00215F54 /* PBXTargetDependency */ = {
			isa = PBXTargetDependency;
			target = 344C12FB19E18E0E00215F54 /* SKPlayground */;
			targetProxy = 344C131619E18E0F00215F54 /* PBXContainerItemProxy */;
		};
/* End PBXTargetDependency section */

/* Begin PBXVariantGroup section */
		344C130919E18E0E00215F54 /* Main.storyboard */ = {
			isa = PBXVariantGroup;
			children = (
				344C130A19E18E0E00215F54 /* Base */,
			);
			name = Main.storyboard;
			sourceTree = "<group>";
		};
		344C130E19E18E0F00215F54 /* LaunchScreen.xib */ = {
			isa = PBXVariantGroup;
			children = (
				344C130F19E18E0F00215F54 /* Base */,
			);
			name = LaunchScreen.xib;
			sourceTree = "<group>";
		};
/* End PBXVariantGroup section */

/* Begin XCBuildConfiguration section */
		344C131D19E18E0F00215F54 /* Debug */ = {
			isa = XCBuildConfiguration;
			buildSettings = {
				ALWAYS_SEARCH_USER_PATHS = NO;
				CLANG_CXX_LANGUAGE_STANDARD = "gnu++0x";
				CLANG_CXX_LIBRARY = "libc++";
				CLANG_ENABLE_MODULES = YES;
				CLANG_ENABLE_OBJC_ARC = YES;
				CLANG_WARN_BOOL_CONVERSION = YES;
				CLANG_WARN_CONSTANT_CONVERSION = YES;
				CLANG_WARN_DIRECT_OBJC_ISA_USAGE = YES_ERROR;
				CLANG_WARN_EMPTY_BODY = YES;
				CLANG_WARN_ENUM_CONVERSION = YES;
				CLANG_WARN_INT_CONVERSION = YES;
				CLANG_WARN_OBJC_ROOT_CLASS = YES_ERROR;
				CLANG_WARN_UNREACHABLE_CODE = YES;
				CLANG_WARN__DUPLICATE_METHOD_MATCH = YES;
				"CODE_SIGN_IDENTITY[sdk=iphoneos*]" = "iPhone Developer";
				COPY_PHASE_STRIP = NO;
				ENABLE_STRICT_OBJC_MSGSEND = YES;
				GCC_C_LANGUAGE_STANDARD = gnu99;
				GCC_DYNAMIC_NO_PIC = NO;
				GCC_OPTIMIZATION_LEVEL = 0;
				GCC_PREPROCESSOR_DEFINITIONS = (
					"DEBUG=1",
					"$(inherited)",
				);
				GCC_SYMBOLS_PRIVATE_EXTERN = NO;
				GCC_WARN_64_TO_32_BIT_CONVERSION = YES;
				GCC_WARN_ABOUT_RETURN_TYPE = YES_ERROR;
				GCC_WARN_UNDECLARED_SELECTOR = YES;
				GCC_WARN_UNINITIALIZED_AUTOS = YES_AGGRESSIVE;
				GCC_WARN_UNUSED_FUNCTION = YES;
				GCC_WARN_UNUSED_VARIABLE = YES;
				IPHONEOS_DEPLOYMENT_TARGET = 8.0;
				MTL_ENABLE_DEBUG_INFO = YES;
				ONLY_ACTIVE_ARCH = YES;
				SDKROOT = iphoneos;
				SWIFT_OPTIMIZATION_LEVEL = "-Onone";
				TARGETED_DEVICE_FAMILY = 2;
			};
			name = Debug;
		};
		344C131E19E18E0F00215F54 /* Release */ = {
			isa = XCBuildConfiguration;
			buildSettings = {
				ALWAYS_SEARCH_USER_PATHS = NO;
				CLANG_CXX_LANGUAGE_STANDARD = "gnu++0x";
				CLANG_CXX_LIBRARY = "libc++";
				CLANG_ENABLE_MODULES = YES;
				CLANG_ENABLE_OBJC_ARC = YES;
				CLANG_WARN_BOOL_CONVERSION = YES;
				CLANG_WARN_CONSTANT_CONVERSION = YES;
				CLANG_WARN_DIRECT_OBJC_ISA_USAGE = YES_ERROR;
				CLANG_WARN_EMPTY_BODY = YES;
				CLANG_WARN_ENUM_CONVERSION = YES;
				CLANG_WARN_INT_CONVERSION = YES;
				CLANG_WARN_OBJC_ROOT_CLASS = YES_ERROR;
				CLANG_WARN_UNREACHABLE_CODE = YES;
				CLANG_WARN__DUPLICATE_METHOD_MATCH = YES;
				"CODE_SIGN_IDENTITY[sdk=iphoneos*]" = "iPhone Developer";
				COPY_PHASE_STRIP = YES;
				ENABLE_NS_ASSERTIONS = NO;
				ENABLE_STRICT_OBJC_MSGSEND = YES;
				GCC_C_LANGUAGE_STANDARD = gnu99;
				GCC_WARN_64_TO_32_BIT_CONVERSION = YES;
				GCC_WARN_ABOUT_RETURN_TYPE = YES_ERROR;
				GCC_WARN_UNDECLARED_SELECTOR = YES;
				GCC_WARN_UNINITIALIZED_AUTOS = YES_AGGRESSIVE;
				GCC_WARN_UNUSED_FUNCTION = YES;
				GCC_WARN_UNUSED_VARIABLE = YES;
				IPHONEOS_DEPLOYMENT_TARGET = 8.0;
				MTL_ENABLE_DEBUG_INFO = NO;
				SDKROOT = iphoneos;
				TARGETED_DEVICE_FAMILY = 2;
				VALIDATE_PRODUCT = YES;
			};
			name = Release;
		};
		344C132019E18E0F00215F54 /* Debug */ = {
			isa = XCBuildConfiguration;
			buildSettings = {
				ASSETCATALOG_COMPILER_APPICON_NAME = AppIcon;
				INFOPLIST_FILE = SKPlayground/Info.plist;
				LD_RUNPATH_SEARCH_PATHS = "$(inherited) @executable_path/Frameworks";
				PRODUCT_NAME = "$(TARGET_NAME)";
				TARGETED_DEVICE_FAMILY = "1,2";
			};
			name = Debug;
		};
		344C132119E18E0F00215F54 /* Release */ = {
			isa = XCBuildConfiguration;
			buildSettings = {
				ASSETCATALOG_COMPILER_APPICON_NAME = AppIcon;
				INFOPLIST_FILE = SKPlayground/Info.plist;
				LD_RUNPATH_SEARCH_PATHS = "$(inherited) @executable_path/Frameworks";
				PRODUCT_NAME = "$(TARGET_NAME)";
				TARGETED_DEVICE_FAMILY = "1,2";
			};
			name = Release;
		};
		344C132319E18E0F00215F54 /* Debug */ = {
			isa = XCBuildConfiguration;
			buildSettings = {
				BUNDLE_LOADER = "$(TEST_HOST)";
				FRAMEWORK_SEARCH_PATHS = (
					"$(SDKROOT)/Developer/Library/Frameworks",
					"$(inherited)",
				);
				GCC_PREPROCESSOR_DEFINITIONS = (
					"DEBUG=1",
					"$(inherited)",
				);
				INFOPLIST_FILE = SKPlaygroundTests/Info.plist;
				LD_RUNPATH_SEARCH_PATHS = "$(inherited) @executable_path/Frameworks @loader_path/Frameworks";
				PRODUCT_NAME = "$(TARGET_NAME)";
				TEST_HOST = "$(BUILT_PRODUCTS_DIR)/SKPlayground.app/SKPlayground";
			};
			name = Debug;
		};
		344C132419E18E0F00215F54 /* Release */ = {
			isa = XCBuildConfiguration;
			buildSettings = {
				BUNDLE_LOADER = "$(TEST_HOST)";
				FRAMEWORK_SEARCH_PATHS = (
					"$(SDKROOT)/Developer/Library/Frameworks",
					"$(inherited)",
				);
				INFOPLIST_FILE = SKPlaygroundTests/Info.plist;
				LD_RUNPATH_SEARCH_PATHS = "$(inherited) @executable_path/Frameworks @loader_path/Frameworks";
				PRODUCT_NAME = "$(TARGET_NAME)";
				TEST_HOST = "$(BUILT_PRODUCTS_DIR)/SKPlayground.app/SKPlayground";
			};
			name = Release;
		};
/* End XCBuildConfiguration section */

/* Begin XCConfigurationList section */
		344C12F719E18E0E00215F54 /* Build configuration list for PBXProject "SKPlayground" */ = {
			isa = XCConfigurationList;
			buildConfigurations = (
				344C131D19E18E0F00215F54 /* Debug */,
				344C131E19E18E0F00215F54 /* Release */,
			);
			defaultConfigurationIsVisible = 0;
			defaultConfigurationName = Release;
		};
		344C131F19E18E0F00215F54 /* Build configuration list for PBXNativeTarget "SKPlayground" */ = {
			isa = XCConfigurationList;
			buildConfigurations = (
				344C132019E18E0F00215F54 /* Debug */,
				344C132119E18E0F00215F54 /* Release */,
			);
			defaultConfigurationIsVisible = 0;
		};
		344C132219E18E0F00215F54 /* Build configuration list for PBXNativeTarget "SKPlaygroundTests" */ = {
			isa = XCConfigurationList;
			buildConfigurations = (
				344C132319E18E0F00215F54 /* Debug */,
				344C132419E18E0F00215F54 /* Release */,
			);
			defaultConfigurationIsVisible = 0;
		};
/* End XCConfigurationList section */
	};
	rootObject = 344C12F419E18E0E00215F54 /* Project object */;
}
